
Microsoft Visual Studio Solution File, Format Version 12.00
# Visual Studio 15
VisualStudioVersion = 15.0.26730.10
MinimumVisualStudioVersion = 10.0.40219.1
Project("{9A19103F-16F7-4668-BE54-9A1E7A4F7556}") = "ConsoleApp1", "ConsoleApp1\ConsoleApp1.csproj", "{DF289F5E-6FE0-480A-B51E-C590D58E486C}"
EndProject
Project("{FAE04EC0-301F-11D3-BF4B-00C04F79EFBC}") = "UnitTestProject2", "UnitTestProject2\UnitTestProject2.csproj", "{4BEF5E01-F195-44EA-A5E9-E196D4471EAC}"
EndProject
Global
	GlobalSection(SolutionConfigurationPlatforms) = preSolution
		Debug|Any CPU = Debug|Any CPU
		Release|Any CPU = Release|Any CPU
	EndGlobalSection
	GlobalSection(ProjectConfigurationPlatforms) = postSolution
		{DF289F5E-6FE0-480A-B51E-C590D58E486C}.Debug|Any CPU.ActiveCfg = Debug|Any CPU
		{DF289F5E-6FE0-480A-B51E-C590D58E486C}.Debug|Any CPU.Build.0 = Debug|Any CPU
		{DF289F5E-6FE0-480A-B51E-C590D58E486C}.Release|Any CPU.ActiveCfg = Release|Any CPU
		{DF289F5E-6FE0-480A-B51E-C590D58E486C}.Release|Any CPU.Build.0 = Release|Any CPU
		{4BEF5E01-F195-44EA-A5E9-E196D4471EAC}.Debug|Any CPU.ActiveCfg = Debug|Any CPU
		{4BEF5E01-F195-44EA-A5E9-E196D4471EAC}.Debug|Any CPU.Build.0 = Debug|Any CPU
		{4BEF5E01-F195-44EA-A5E9-E196D4471EAC}.Release|Any CPU.ActiveCfg = Release|Any CPU
		{4BEF5E01-F195-44EA-A5E9-E196D4471EAC}.Release|Any CPU.Build.0 = Release|Any CPU
	EndGlobalSection
	GlobalSection(SolutionProperties) = preSolution
		HideSolutionNode = FALSE
	EndGlobalSection
	GlobalSection(ExtensibilityGlobals) = postSolution
		SolutionGuid = {DCBEB58F-A4FB-4316-89BC-2FEDE68A2BA8}
	EndGlobalSection
EndGlobal
